
Microsoft Visual Studio Solution File, Format Version 12.00
# Visual Studio Version 16
VisualStudioVersion = 16.0.33927.289
MinimumVisualStudioVersion = 10.0.40219.1
Project("{FAE04EC0-301F-11D3-BF4B-00C04F79EFBC}") = "InterfazDeUsuario", "InterfazDeUsuario.csproj", "{B3923E2C-2CF1-42D3-8270-C21E75E42CBD}"
EndProject
Project("{54435603-DBB4-11D2-8724-00A0C9A8B90C}") = "Setup1", "..\Setup1\Setup1.vdproj", "{B24DB57F-5E64-4759-9B4E-48C4F7D5ABA3}"
EndProject
Global
	GlobalSection(SolutionConfigurationPlatforms) = preSolution
		Debug|Any CPU = Debug|Any CPU
		Release|Any CPU = Release|Any CPU
	EndGlobalSection
	GlobalSection(ProjectConfigurationPlatforms) = postSolution
		{B3923E2C-2CF1-42D3-8270-C21E75E42CBD}.Debug|Any CPU.ActiveCfg = Debug|Any CPU
		{B3923E2C-2CF1-42D3-8270-C21E75E42CBD}.Debug|Any CPU.Build.0 = Debug|Any CPU
		{B3923E2C-2CF1-42D3-8270-C21E75E42CBD}.Release|Any CPU.ActiveCfg = Release|Any CPU
		{B3923E2C-2CF1-42D3-8270-C21E75E42CBD}.Release|Any CPU.Build.0 = Release|Any CPU
		{B24DB57F-5E64-4759-9B4E-48C4F7D5ABA3}.Debug|Any CPU.ActiveCfg = Debug
		{B24DB57F-5E64-4759-9B4E-48C4F7D5ABA3}.Release|Any CPU.ActiveCfg = Release
	EndGlobalSection
	GlobalSection(SolutionProperties) = preSolution
		HideSolutionNode = FALSE
	EndGlobalSection
	GlobalSection(ExtensibilityGlobals) = postSolution
		SolutionGuid = {A0AEB51E-EF9B-401F-9BF9-6038014EA837}
	EndGlobalSection
EndGlobal
